// !$*UTF8*$!
{
	archiveVersion = 1;
	classes = {
	};
	objectVersion = 55;
	objects = {

/* Begin PBXBuildFile section */
		6B21FA63281B148900299948 /* AppDelegate.swift in Sources */ = {isa = PBXBuildFile; fileRef = 6B21FA62281B148900299948 /* AppDelegate.swift */; };
		6B21FA65281B148900299948 /* SceneDelegate.swift in Sources */ = {isa = PBXBuildFile; fileRef = 6B21FA64281B148900299948 /* SceneDelegate.swift */; };
		6B21FA67281B148900299948 /* ViewController.swift in Sources */ = {isa = PBXBuildFile; fileRef = 6B21FA66281B148900299948 /* ViewController.swift */; };
		6B21FA6A281B148900299948 /* Main.storyboard in Resources */ = {isa = PBXBuildFile; fileRef = 6B21FA68281B148900299948 /* Main.storyboard */; };
		6B21FA6C281B148A00299948 /* Assets.xcassets in Resources */ = {isa = PBXBuildFile; fileRef = 6B21FA6B281B148A00299948 /* Assets.xcassets */; };
		6B21FA6F281B148A00299948 /* LaunchScreen.storyboard in Resources */ = {isa = PBXBuildFile; fileRef = 6B21FA6D281B148A00299948 /* LaunchScreen.storyboard */; };
		6B21FA77281B326300299948 /* CustomTableViewCell.swift in Sources */ = {isa = PBXBuildFile; fileRef = 6B21FA76281B326300299948 /* CustomTableViewCell.swift */; };
		6B21FA7B281B8A2800299948 /* DocumentStructure.swift in Sources */ = {isa = PBXBuildFile; fileRef = 6B21FA7A281B8A2800299948 /* DocumentStructure.swift */; };
		6B21FA7D281B8C1A00299948 /* DocumentAddViewController.swift in Sources */ = {isa = PBXBuildFile; fileRef = 6B21FA7C281B8C1A00299948 /* DocumentAddViewController.swift */; };
		6B21FA7F281B8C2A00299948 /* DocumentDetailViewController.swift in Sources */ = {isa = PBXBuildFile; fileRef = 6B21FA7E281B8C2A00299948 /* DocumentDetailViewController.swift */; };
		6B21FA81281BAB5500299948 /* graphic.pdf in Resources */ = {isa = PBXBuildFile; fileRef = 6B21FA80281BAB5500299948 /* graphic.pdf */; };
		6B21FA83281BAB6400299948 /* fitra.pdf in Resources */ = {isa = PBXBuildFile; fileRef = 6B21FA82281BAB6400299948 /* fitra.pdf */; };
		6B21FA85281BAFD600299948 /* PDFKitViewController.swift in Sources */ = {isa = PBXBuildFile; fileRef = 6B21FA84281BAFD600299948 /* PDFKitViewController.swift */; };
		6B21FA87281BB3D400299948 /* NoDocument.pdf in Resources */ = {isa = PBXBuildFile; fileRef = 6B21FA86281BB3D400299948 /* NoDocument.pdf */; };
		6B21FA89281BBFDE00299948 /* BannerTableViewCell.swift in Sources */ = {isa = PBXBuildFile; fileRef = 6B21FA88281BBFDE00299948 /* BannerTableViewCell.swift */; };
		6BFF8B4D2828A970005C20FA /* CustomUIView.swift in Sources */ = {isa = PBXBuildFile; fileRef = 6BFF8B4C2828A970005C20FA /* CustomUIView.swift */; };
		6BFF8B4F2828C0DF005C20FA /* Report.pdf in Resources */ = {isa = PBXBuildFile; fileRef = 6BFF8B4E2828C0DF005C20FA /* Report.pdf */; };
/* End PBXBuildFile section */

/* Begin PBXFileReference section */
		6B21FA5F281B148900299948 /* Fitra.app */ = {isa = PBXFileReference; explicitFileType = wrapper.application; includeInIndex = 0; path = Fitra.app; sourceTree = BUILT_PRODUCTS_DIR; };
		6B21FA62281B148900299948 /* AppDelegate.swift */ = {isa = PBXFileReference; lastKnownFileType = sourcecode.swift; path = AppDelegate.swift; sourceTree = "<group>"; };
		6B21FA64281B148900299948 /* SceneDelegate.swift */ = {isa = PBXFileReference; lastKnownFileType = sourcecode.swift; path = SceneDelegate.swift; sourceTree = "<group>"; };
		6B21FA66281B148900299948 /* ViewController.swift */ = {isa = PBXFileReference; lastKnownFileType = sourcecode.swift; path = ViewController.swift; sourceTree = "<group>"; };
		6B21FA69281B148900299948 /* Base */ = {isa = PBXFileReference; lastKnownFileType = file.storyboard; name = Base; path = Base.lproj/Main.storyboard; sourceTree = "<group>"; };
		6B21FA6B281B148A00299948 /* Assets.xcassets */ = {isa = PBXFileReference; lastKnownFileType = folder.assetcatalog; path = Assets.xcassets; sourceTree = "<group>"; };
		6B21FA6E281B148A00299948 /* Base */ = {isa = PBXFileReference; lastKnownFileType = file.storyboard; name = Base; path = Base.lproj/LaunchScreen.storyboard; sourceTree = "<group>"; };
		6B21FA70281B148A00299948 /* Info.plist */ = {isa = PBXFileReference; lastKnownFileType = text.plist.xml; path = Info.plist; sourceTree = "<group>"; };
		6B21FA76281B326300299948 /* CustomTableViewCell.swift */ = {isa = PBXFileReference; lastKnownFileType = sourcecode.swift; path = CustomTableViewCell.swift; sourceTree = "<group>"; };
		6B21FA7A281B8A2800299948 /* DocumentStructure.swift */ = {isa = PBXFileReference; lastKnownFileType = sourcecode.swift; path = DocumentStructure.swift; sourceTree = "<group>"; };
		6B21FA7C281B8C1A00299948 /* DocumentAddViewController.swift */ = {isa = PBXFileReference; lastKnownFileType = sourcecode.swift; path = DocumentAddViewController.swift; sourceTree = "<group>"; };
		6B21FA7E281B8C2A00299948 /* DocumentDetailViewController.swift */ = {isa = PBXFileReference; lastKnownFileType = sourcecode.swift; path = DocumentDetailViewController.swift; sourceTree = "<group>"; };
		6B21FA80281BAB5500299948 /* graphic.pdf */ = {isa = PBXFileReference; lastKnownFileType = image.pdf; path = graphic.pdf; sourceTree = "<group>"; };
		6B21FA82281BAB6400299948 /* fitra.pdf */ = {isa = PBXFileReference; lastKnownFileType = image.pdf; path = fitra.pdf; sourceTree = "<group>"; };
		6B21FA84281BAFD600299948 /* PDFKitViewController.swift */ = {isa = PBXFileReference; lastKnownFileType = sourcecode.swift; path = PDFKitViewController.swift; sourceTree = "<group>"; };
		6B21FA86281BB3D400299948 /* NoDocument.pdf */ = {isa = PBXFileReference; lastKnownFileType = image.pdf; path = NoDocument.pdf; sourceTree = "<group>"; };
		6B21FA88281BBFDE00299948 /* BannerTableViewCell.swift */ = {isa = PBXFileReference; lastKnownFileType = sourcecode.swift; path = BannerTableViewCell.swift; sourceTree = "<group>"; };
		6BFF8B4C2828A970005C20FA /* CustomUIView.swift */ = {isa = PBXFileReference; lastKnownFileType = sourcecode.swift; path = CustomUIView.swift; sourceTree = "<group>"; };
		6BFF8B4E2828C0DF005C20FA /* Report.pdf */ = {isa = PBXFileReference; lastKnownFileType = image.pdf; path = Report.pdf; sourceTree = "<group>"; };
/* End PBXFileReference section */

/* Begin PBXFrameworksBuildPhase section */
		6B21FA5C281B148900299948 /* Frameworks */ = {
			isa = PBXFrameworksBuildPhase;
			buildActionMask = 2147483647;
			files = (
			);
			runOnlyForDeploymentPostprocessing = 0;
		};
/* End PBXFrameworksBuildPhase section */

/* Begin PBXGroup section */
		6B21FA56281B148900299948 = {
			isa = PBXGroup;
			children = (
				6B21FA61281B148900299948 /* Fitra */,
				6B21FA60281B148900299948 /* Products */,
			);
			sourceTree = "<group>";
		};
		6B21FA60281B148900299948 /* Products */ = {
			isa = PBXGroup;
			children = (
				6B21FA5F281B148900299948 /* Fitra.app */,
			);
			name = Products;
			sourceTree = "<group>";
		};
		6B21FA61281B148900299948 /* Fitra */ = {
			isa = PBXGroup;
			children = (
				6B21FA86281BB3D400299948 /* NoDocument.pdf */,
				6B21FA80281BAB5500299948 /* graphic.pdf */,
				6B21FA82281BAB6400299948 /* fitra.pdf */,
				6BFF8B4E2828C0DF005C20FA /* Report.pdf */,
				6B21FA62281B148900299948 /* AppDelegate.swift */,
				6B21FA64281B148900299948 /* SceneDelegate.swift */,
				6B21FA66281B148900299948 /* ViewController.swift */,
				6B21FA7A281B8A2800299948 /* DocumentStructure.swift */,
				6B21FA68281B148900299948 /* Main.storyboard */,
				6B21FA88281BBFDE00299948 /* BannerTableViewCell.swift */,
				6B21FA6B281B148A00299948 /* Assets.xcassets */,
				6B21FA6D281B148A00299948 /* LaunchScreen.storyboard */,
				6B21FA70281B148A00299948 /* Info.plist */,
				6B21FA76281B326300299948 /* CustomTableViewCell.swift */,
				6B21FA7C281B8C1A00299948 /* DocumentAddViewController.swift */,
				6B21FA7E281B8C2A00299948 /* DocumentDetailViewController.swift */,
				6B21FA84281BAFD600299948 /* PDFKitViewController.swift */,
				6BFF8B4C2828A970005C20FA /* CustomUIView.swift */,
			);
			path = Fitra;
			sourceTree = "<group>";
		};
/* End PBXGroup section */

/* Begin PBXNativeTarget section */
		6B21FA5E281B148900299948 /* Fitra */ = {
			isa = PBXNativeTarget;
			buildConfigurationList = 6B21FA73281B148A00299948 /* Build configuration list for PBXNativeTarget "Fitra" */;
			buildPhases = (
				6B21FA5B281B148900299948 /* Sources */,
				6B21FA5C281B148900299948 /* Frameworks */,
				6B21FA5D281B148900299948 /* Resources */,
			);
			buildRules = (
			);
			dependencies = (
			);
			name = Fitra;
			productName = Fitra;
			productReference = 6B21FA5F281B148900299948 /* Fitra.app */;
			productType = "com.apple.product-type.application";
		};
/* End PBXNativeTarget section */

/* Begin PBXProject section */
		6B21FA57281B148900299948 /* Project object */ = {
			isa = PBXProject;
			attributes = {
				BuildIndependentTargetsInParallel = 1;
				LastSwiftUpdateCheck = 1320;
				LastUpgradeCheck = 1320;
				TargetAttributes = {
					6B21FA5E281B148900299948 = {
						CreatedOnToolsVersion = 13.2.1;
					};
				};
			};
			buildConfigurationList = 6B21FA5A281B148900299948 /* Build configuration list for PBXProject "Fitra" */;
			compatibilityVersion = "Xcode 13.0";
			developmentRegion = en;
			hasScannedForEncodings = 0;
			knownRegions = (
				en,
				Base,
			);
			mainGroup = 6B21FA56281B148900299948;
			productRefGroup = 6B21FA60281B148900299948 /* Products */;
			projectDirPath = "";
			projectRoot = "";
			targets = (
				6B21FA5E281B148900299948 /* Fitra */,
			);
		};
/* End PBXProject section */

/* Begin PBXResourcesBuildPhase section */
		6B21FA5D281B148900299948 /* Resources */ = {
			isa = PBXResourcesBuildPhase;
			buildActionMask = 2147483647;
			files = (
				6B21FA6F281B148A00299948 /* LaunchScreen.storyboard in Resources */,
				6B21FA81281BAB5500299948 /* graphic.pdf in Resources */,
				6BFF8B4F2828C0DF005C20FA /* Report.pdf in Resources */,
				6B21FA87281BB3D400299948 /* NoDocument.pdf in Resources */,
				6B21FA6C281B148A00299948 /* Assets.xcassets in Resources */,
				6B21FA6A281B148900299948 /* Main.storyboard in Resources */,
				6B21FA83281BAB6400299948 /* fitra.pdf in Resources */,
			);
			runOnlyForDeploymentPostprocessing = 0;
		};
/* End PBXResourcesBuildPhase section */

/* Begin PBXSourcesBuildPhase section */
		6B21FA5B281B148900299948 /* Sources */ = {
			isa = PBXSourcesBuildPhase;
			buildActionMask = 2147483647;
			files = (
				6B21FA7B281B8A2800299948 /* DocumentStructure.swift in Sources */,
				6BFF8B4D2828A970005C20FA /* CustomUIView.swift in Sources */,
				6B21FA67281B148900299948 /* ViewController.swift in Sources */,
				6B21FA63281B148900299948 /* AppDelegate.swift in Sources */,
				6B21FA89281BBFDE00299948 /* BannerTableViewCell.swift in Sources */,
				6B21FA77281B326300299948 /* CustomTableViewCell.swift in Sources */,
				6B21FA65281B148900299948 /* SceneDelegate.swift in Sources */,
				6B21FA7F281B8C2A00299948 /* DocumentDetailViewController.swift in Sources */,
				6B21FA85281BAFD600299948 /* PDFKitViewController.swift in Sources */,
				6B21FA7D281B8C1A00299948 /* DocumentAddViewController.swift in Sources */,
			);
			runOnlyForDeploymentPostprocessing = 0;
		};
/* End PBXSourcesBuildPhase section */

/* Begin PBXVariantGroup section */
		6B21FA68281B148900299948 /* Main.storyboard */ = {
			isa = PBXVariantGroup;
			children = (
				6B21FA69281B148900299948 /* Base */,
			);
			name = Main.storyboard;
			sourceTree = "<group>";
		};
		6B21FA6D281B148A00299948 /* LaunchScreen.storyboard */ = {
			isa = PBXVariantGroup;
			children = (
				6B21FA6E281B148A00299948 /* Base */,
			);
			name = LaunchScreen.storyboard;
			sourceTree = "<group>";
		};
/* End PBXVariantGroup section */

/* Begin XCBuildConfiguration section */
		6B21FA71281B148A00299948 /* Debug */ = {
			isa = XCBuildConfiguration;
			buildSettings = {
				ALWAYS_SEARCH_USER_PATHS = NO;
				CLANG_ANALYZER_NONNULL = YES;
				CLANG_ANALYZER_NUMBER_OBJECT_CONVERSION = YES_AGGRESSIVE;
				CLANG_CXX_LANGUAGE_STANDARD = "gnu++17";
				CLANG_CXX_LIBRARY = "libc++";
				CLANG_ENABLE_MODULES = YES;
				CLANG_ENABLE_OBJC_ARC = YES;
				CLANG_ENABLE_OBJC_WEAK = YES;
				CLANG_WARN_BLOCK_CAPTURE_AUTORELEASING = YES;
				CLANG_WARN_BOOL_CONVERSION = YES;
				CLANG_WARN_COMMA = YES;
				CLANG_WARN_CONSTANT_CONVERSION = YES;
				CLANG_WARN_DEPRECATED_OBJC_IMPLEMENTATIONS = YES;
				CLANG_WARN_DIRECT_OBJC_ISA_USAGE = YES_ERROR;
				CLANG_WARN_DOCUMENTATION_COMMENTS = YES;
				CLANG_WARN_EMPTY_BODY = YES;
				CLANG_WARN_ENUM_CONVERSION = YES;
				CLANG_WARN_INFINITE_RECURSION = YES;
				CLANG_WARN_INT_CONVERSION = YES;
				CLANG_WARN_NON_LITERAL_NULL_CONVERSION = YES;
				CLANG_WARN_OBJC_IMPLICIT_RETAIN_SELF = YES;
				CLANG_WARN_OBJC_LITERAL_CONVERSION = YES;
				CLANG_WARN_OBJC_ROOT_CLASS = YES_ERROR;
				CLANG_WARN_QUOTED_INCLUDE_IN_FRAMEWORK_HEADER = YES;
				CLANG_WARN_RANGE_LOOP_ANALYSIS = YES;
				CLANG_WARN_STRICT_PROTOTYPES = YES;
				CLANG_WARN_SUSPICIOUS_MOVE = YES;
				CLANG_WARN_UNGUARDED_AVAILABILITY = YES_AGGRESSIVE;
				CLANG_WARN_UNREACHABLE_CODE = YES;
				CLANG_WARN__DUPLICATE_METHOD_MATCH = YES;
				COPY_PHASE_STRIP = NO;
				DEBUG_INFORMATION_FORMAT = dwarf;
				ENABLE_STRICT_OBJC_MSGSEND = YES;
				ENABLE_TESTABILITY = YES;
				GCC_C_LANGUAGE_STANDARD = gnu11;
				GCC_DYNAMIC_NO_PIC = NO;
				GCC_NO_COMMON_BLOCKS = YES;
				GCC_OPTIMIZATION_LEVEL = 0;
				GCC_PREPROCESSOR_DEFINITIONS = (
					"DEBUG=1",
					"$(inherited)",
				);
				GCC_WARN_64_TO_32_BIT_CONVERSION = YES;
				GCC_WARN_ABOUT_RETURN_TYPE = YES_ERROR;
				GCC_WARN_UNDECLARED_SELECTOR = YES;
				GCC_WARN_UNINITIALIZED_AUTOS = YES_AGGRESSIVE;
				GCC_WARN_UNUSED_FUNCTION = YES;
				GCC_WARN_UNUSED_VARIABLE = YES;
				IPHONEOS_DEPLOYMENT_TARGET = 15.2;
				MTL_ENABLE_DEBUG_INFO = INCLUDE_SOURCE;
				MTL_FAST_MATH = YES;
				ONLY_ACTIVE_ARCH = YES;
				SDKROOT = iphoneos;
				SWIFT_ACTIVE_COMPILATION_CONDITIONS = DEBUG;
				SWIFT_OPTIMIZATION_LEVEL = "-Onone";
			};
			name = Debug;
		};
		6B21FA72281B148A00299948 /* Release */ = {
			isa = XCBuildConfiguration;
			buildSettings = {
				ALWAYS_SEARCH_USER_PATHS = NO;
				CLANG_ANALYZER_NONNULL = YES;
				CLANG_ANALYZER_NUMBER_OBJECT_CONVERSION = YES_AGGRESSIVE;
				CLANG_CXX_LANGUAGE_STANDARD = "gnu++17";
				CLANG_CXX_LIBRARY = "libc++";
				CLANG_ENABLE_MODULES = YES;
				CLANG_ENABLE_OBJC_ARC = YES;
				CLANG_ENABLE_OBJC_WEAK = YES;
				CLANG_WARN_BLOCK_CAPTURE_AUTORELEASING = YES;
				CLANG_WARN_BOOL_CONVERSION = YES;
				CLANG_WARN_COMMA = YES;
				CLANG_WARN_CONSTANT_CONVERSION = YES;
				CLANG_WARN_DEPRECATED_OBJC_IMPLEMENTATIONS = YES;
				CLANG_WARN_DIRECT_OBJC_ISA_USAGE = YES_ERROR;
				CLANG_WARN_DOCUMENTATION_COMMENTS = YES;
				CLANG_WARN_EMPTY_BODY = YES;
				CLANG_WARN_ENUM_CONVERSION = YES;
				CLANG_WARN_INFINITE_RECURSION = YES;
				CLANG_WARN_INT_CONVERSION = YES;
				CLANG_WARN_NON_LITERAL_NULL_CONVERSION = YES;
				CLANG_WARN_OBJC_IMPLICIT_RETAIN_SELF = YES;
				CLANG_WARN_OBJC_LITERAL_CONVERSION = YES;
				CLANG_WARN_OBJC_ROOT_CLASS = YES_ERROR;
				CLANG_WARN_QUOTED_INCLUDE_IN_FRAMEWORK_HEADER = YES;
				CLANG_WARN_RANGE_LOOP_ANALYSIS = YES;
				CLANG_WARN_STRICT_PROTOTYPES = YES;
				CLANG_WARN_SUSPICIOUS_MOVE = YES;
				CLANG_WARN_UNGUARDED_AVAILABILITY = YES_AGGRESSIVE;
				CLANG_WARN_UNREACHABLE_CODE = YES;
				CLANG_WARN__DUPLICATE_METHOD_MATCH = YES;
				COPY_PHASE_STRIP = NO;
				DEBUG_INFORMATION_FORMAT = "dwarf-with-dsym";
				ENABLE_NS_ASSERTIONS = NO;
				ENABLE_STRICT_OBJC_MSGSEND = YES;
				GCC_C_LANGUAGE_STANDARD = gnu11;
				GCC_NO_COMMON_BLOCKS = YES;
				GCC_WARN_64_TO_32_BIT_CONVERSION = YES;
				GCC_WARN_ABOUT_RETURN_TYPE = YES_ERROR;
				GCC_WARN_UNDECLARED_SELECTOR = YES;
				GCC_WARN_UNINITIALIZED_AUTOS = YES_AGGRESSIVE;
				GCC_WARN_UNUSED_FUNCTION = YES;
				GCC_WARN_UNUSED_VARIABLE = YES;
				IPHONEOS_DEPLOYMENT_TARGET = 15.2;
				MTL_ENABLE_DEBUG_INFO = NO;
				MTL_FAST_MATH = YES;
				SDKROOT = iphoneos;
				SWIFT_COMPILATION_MODE = wholemodule;
				SWIFT_OPTIMIZATION_LEVEL = "-O";
				VALIDATE_PRODUCT = YES;
			};
			name = Release;
		};
		6B21FA74281B148A00299948 /* Debug */ = {
			isa = XCBuildConfiguration;
			buildSettings = {
				ASSETCATALOG_COMPILER_APPICON_NAME = AppIcon;
				ASSETCATALOG_COMPILER_GLOBAL_ACCENT_COLOR_NAME = AccentColor;
				CODE_SIGN_STYLE = Automatic;
				CURRENT_PROJECT_VERSION = 1;
				GENERATE_INFOPLIST_FILE = YES;
				INFOPLIST_FILE = Fitra/Info.plist;
				INFOPLIST_KEY_UIApplicationSupportsIndirectInputEvents = YES;
				INFOPLIST_KEY_UILaunchStoryboardName = LaunchScreen;
				INFOPLIST_KEY_UIMainStoryboardFile = Main;
				INFOPLIST_KEY_UISupportedInterfaceOrientations_iPad = "UIInterfaceOrientationPortrait UIInterfaceOrientationPortraitUpsideDown UIInterfaceOrientationLandscapeLeft UIInterfaceOrientationLandscapeRight";
				INFOPLIST_KEY_UISupportedInterfaceOrientations_iPhone = "UIInterfaceOrientationPortrait UIInterfaceOrientationLandscapeLeft UIInterfaceOrientationLandscapeRight";
				LD_RUNPATH_SEARCH_PATHS = (
					"$(inherited)",
					"@executable_path/Frameworks",
				);
				MARKETING_VERSION = 1.0;
				PRODUCT_BUNDLE_IDENTIFIER = AppleAcademy.Fitra;
				PRODUCT_NAME = "$(TARGET_NAME)";
				SWIFT_EMIT_LOC_STRINGS = YES;
				SWIFT_VERSION = 5.0;
				TARGETED_DEVICE_FAMILY = "1,2";
			};
			name = Debug;
		};
		6B21FA75281B148A00299948 /* Release */ = {
			isa = XCBuildConfiguration;
			buildSettings = {
				ASSETCATALOG_COMPILER_APPICON_NAME = AppIcon;
				ASSETCATALOG_COMPILER_GLOBAL_ACCENT_COLOR_NAME = AccentColor;
				CODE_SIGN_STYLE = Automatic;
				CURRENT_PROJECT_VERSION = 1;
				GENERATE_INFOPLIST_FILE = YES;
				INFOPLIST_FILE = Fitra/Info.plist;
				INFOPLIST_KEY_UIApplicationSupportsIndirectInputEvents = YES;
				INFOPLIST_KEY_UILaunchStoryboardName = LaunchScreen;
				INFOPLIST_KEY_UIMainStoryboardFile = Main;
				INFOPLIST_KEY_UISupportedInterfaceOrientations_iPad = "UIInterfaceOrientationPortrait UIInterfaceOrientationPortraitUpsideDown UIInterfaceOrientationLandscapeLeft UIInterfaceOrientationLandscapeRight";
				INFOPLIST_KEY_UISupportedInterfaceOrientations_iPhone = "UIInterfaceOrientationPortrait UIInterfaceOrientationLandscapeLeft UIInterfaceOrientationLandscapeRight";
				LD_RUNPATH_SEARCH_PATHS = (
					"$(inherited)",
					"@executable_path/Frameworks",
				);
				MARKETING_VERSION = 1.0;
				PRODUCT_BUNDLE_IDENTIFIER = AppleAcademy.Fitra;
				PRODUCT_NAME = "$(TARGET_NAME)";
				SWIFT_EMIT_LOC_STRINGS = YES;
				SWIFT_VERSION = 5.0;
				TARGETED_DEVICE_FAMILY = "1,2";
			};
			name = Release;
		};
/* End XCBuildConfiguration section */

/* Begin XCConfigurationList section */
		6B21FA5A281B148900299948 /* Build configuration list for PBXProject "Fitra" */ = {
			isa = XCConfigurationList;
			buildConfigurations = (
				6B21FA71281B148A00299948 /* Debug */,
				6B21FA72281B148A00299948 /* Release */,
			);
			defaultConfigurationIsVisible = 0;
			defaultConfigurationName = Release;
		};
		6B21FA73281B148A00299948 /* Build configuration list for PBXNativeTarget "Fitra" */ = {
			isa = XCConfigurationList;
			buildConfigurations = (
				6B21FA74281B148A00299948 /* Debug */,
				6B21FA75281B148A00299948 /* Release */,
			);
			defaultConfigurationIsVisible = 0;
			defaultConfigurationName = Release;
		};
/* End XCConfigurationList section */
	};
	rootObject = 6B21FA57281B148900299948 /* Project object */;
}
